{
  "name": "tool",
  "version": "0.0.5",
  "lockfileVersion": 1,
  "requires": true,
  "dependencies": {
    "loadsh": {
      "version": "0.0.4",
      "resolved": "http://10.1.10.34:4873/loadsh/-/loadsh-0.0.4.tgz",
      "integrity": "sha1-UxS6vRK7EzFd3gJKTKcHWMVInS0="
    },
    "lodash": {
      "version": "4.17.21",
      "resolved": "http://10.1.10.34:4873/lodash/-/lodash-4.17.21.tgz",
      "integrity": "sha1-Z5WRxWTDv/quhFTPCz3zcMPWkRw="
    }
  }
}
